{
  "requires": true,
  "lockfileVersion": 1,
  "dependencies": {
    "babel-plugin-add-module-exports": {
      "version": "0.2.1",
      "resolved": "https://registry.npmjs.org/babel-plugin-add-module-exports/-/babel-plugin-add-module-exports-0.2.1.tgz",
      "integrity": "sha1-mumh9KjcZ/DN7E9K7aHkOl/2XiU="
    },
    "merge": {
      "version": "1.2.1",
      "resolved": "https://registry.npmjs.org/merge/-/merge-1.2.1.tgz",
      "integrity": "sha512-VjFo4P5Whtj4vsLzsYBu5ayHhoHJ0UqNm7ibvShmbmoz7tGi0vXaoJbGdB+GmDMLUdg8DpQXEIeVDAe8MaABvQ=="
    },
    "vue": {
      "version": "2.6.12",
      "resolved": "https://registry.npmjs.org/vue/-/vue-2.6.12.tgz",
      "integrity": "sha512-uhmLFETqPPNyuLLbsKz6ioJ4q7AZHzD8ZVFNATNyICSZouqP2Sz0rotWQC8UNBF6VGSCs5abnKJoStA6JbCbfg=="
    },
    "vue-pagination-3": {
      "version": "2.0.0-beta01",
      "resolved": "https://registry.npmjs.org/vue-pagination-3/-/vue-pagination-3-2.0.0-beta01.tgz",
      "integrity": "sha512-vXwwWXQXY4eMFffVTgs7wYlO7THJoaZWwMrvVleNX+mKrNdHkJxz7IS1YALvsSvbMdCUHaU5Th+iwl5ZvAQ9MQ==",
      "requires": {
        "babel-plugin-add-module-exports": "^0.2.1",
        "merge": "^1.2.1",
        "vue": ">=2.6.10",
        "vuex": "^3.1.1"
      }
    },
    "vue-tables-3": {
      "version": "2.0.1-beta05",
      "resolved": "https://registry.npmjs.org/vue-tables-3/-/vue-tables-3-2.0.1-beta05.tgz",
      "integrity": "sha512-g3YzX2CN3eiE08p8bRFyy4kCv6fjG0rZdtpDbpTNwTxFYiystnuBE7wD0KEay6tsyEDoEMcXhuG8NX7U9AfbZQ=="
    },
    "vuex": {
      "version": "3.5.1",
      "resolved": "https://registry.npmjs.org/vuex/-/vuex-3.5.1.tgz",
      "integrity": "sha512-w7oJzmHQs0FM9LXodfskhw9wgKBiaB+totOdb8sNzbTB2KDCEEwEs29NzBZFh/lmEK1t5tDmM1vtsO7ubG1DFw=="
    }
  }
}
